
Microsoft Visual Studio Solution File, Format Version 12.00
# Visual Studio Version 17
VisualStudioVersion = 17.1.32210.238
MinimumVisualStudioVersion = 10.0.40219.1
Project("{FAE04EC0-301F-11D3-BF4B-00C04F79EFBC}") = "Sudoku_6x6 Solving System", "Sudoku_6x6 Solving System.csproj", "{C73C20A2-DC1A-4241-9506-1892C33BB514}"
EndProject
Global
	GlobalSection(SolutionConfigurationPlatforms) = preSolution
		Debug|Any CPU = Debug|Any CPU
		Release|Any CPU = Release|Any CPU
	EndGlobalSection
	GlobalSection(ProjectConfigurationPlatforms) = postSolution
		{C73C20A2-DC1A-4241-9506-1892C33BB514}.Debug|Any CPU.ActiveCfg = Debug|Any CPU
		{C73C20A2-DC1A-4241-9506-1892C33BB514}.Debug|Any CPU.Build.0 = Debug|Any CPU
		{C73C20A2-DC1A-4241-9506-1892C33BB514}.Release|Any CPU.ActiveCfg = Release|Any CPU
		{C73C20A2-DC1A-4241-9506-1892C33BB514}.Release|Any CPU.Build.0 = Release|Any CPU
	EndGlobalSection
	GlobalSection(SolutionProperties) = preSolution
		HideSolutionNode = FALSE
	EndGlobalSection
	GlobalSection(ExtensibilityGlobals) = postSolution
		SolutionGuid = {2F66E216-7A6D-4CC1-80F4-6F02DADCC82A}
	EndGlobalSection
EndGlobal
